// !$*UTF8*$!
{
	archiveVersion = 1;
	classes = {
	};
	objectVersion = 48;
	objects = {

/* Begin PBXBuildFile section */
		AA5DAB1220AE72C5002FA389 /* MealTableViewCell.swift in Sources */ = {isa = PBXBuildFile; fileRef = AA5DAB1120AE72C5002FA389 /* MealTableViewCell.swift */; };
		AA5DAB1420AE796C002FA389 /* MealTableViewController.swift in Sources */ = {isa = PBXBuildFile; fileRef = AA5DAB1320AE796C002FA389 /* MealTableViewController.swift */; };
		AA5DAB1620AE79E7002FA389 /* Meal.swift in Sources */ = {isa = PBXBuildFile; fileRef = AA5DAB1520AE79E7002FA389 /* Meal.swift */; };
		AA8F541120AD74ED0047C5DE /* RatingControl.swift in Sources */ = {isa = PBXBuildFile; fileRef = AA8F541020AD74ED0047C5DE /* RatingControl.swift */; };
		AAE671DC20B7F2CF0060A9DA /* DataService.swift in Sources */ = {isa = PBXBuildFile; fileRef = AAE671DB20B7F2CF0060A9DA /* DataService.swift */; };
		AAE902D820AD28720065ED31 /* AppDelegate.swift in Sources */ = {isa = PBXBuildFile; fileRef = AAE902D720AD28720065ED31 /* AppDelegate.swift */; };
		AAE902DA20AD28720065ED31 /* MealViewController.swift in Sources */ = {isa = PBXBuildFile; fileRef = AAE902D920AD28720065ED31 /* MealViewController.swift */; };
		AAE902DD20AD28720065ED31 /* Main.storyboard in Resources */ = {isa = PBXBuildFile; fileRef = AAE902DB20AD28720065ED31 /* Main.storyboard */; };
		AAE902DF20AD28720065ED31 /* Assets.xcassets in Resources */ = {isa = PBXBuildFile; fileRef = AAE902DE20AD28720065ED31 /* Assets.xcassets */; };
		AAE902E220AD28720065ED31 /* LaunchScreen.storyboard in Resources */ = {isa = PBXBuildFile; fileRef = AAE902E020AD28720065ED31 /* LaunchScreen.storyboard */; };
/* End PBXBuildFile section */

/* Begin PBXFileReference section */
		AA5DAB1120AE72C5002FA389 /* MealTableViewCell.swift */ = {isa = PBXFileReference; lastKnownFileType = sourcecode.swift; path = MealTableViewCell.swift; sourceTree = "<group>"; };
		AA5DAB1320AE796C002FA389 /* MealTableViewController.swift */ = {isa = PBXFileReference; lastKnownFileType = sourcecode.swift; path = MealTableViewController.swift; sourceTree = "<group>"; };
		AA5DAB1520AE79E7002FA389 /* Meal.swift */ = {isa = PBXFileReference; lastKnownFileType = sourcecode.swift; path = Meal.swift; sourceTree = "<group>"; };
		AA8F541020AD74ED0047C5DE /* RatingControl.swift */ = {isa = PBXFileReference; lastKnownFileType = sourcecode.swift; path = RatingControl.swift; sourceTree = "<group>"; };
		AAE671DB20B7F2CF0060A9DA /* DataService.swift */ = {isa = PBXFileReference; lastKnownFileType = sourcecode.swift; path = DataService.swift; sourceTree = "<group>"; };
		AAE902D420AD28720065ED31 /* FoodTracker.app */ = {isa = PBXFileReference; explicitFileType = wrapper.application; includeInIndex = 0; path = FoodTracker.app; sourceTree = BUILT_PRODUCTS_DIR; };
		AAE902D720AD28720065ED31 /* AppDelegate.swift */ = {isa = PBXFileReference; lastKnownFileType = sourcecode.swift; path = AppDelegate.swift; sourceTree = "<group>"; };
		AAE902D920AD28720065ED31 /* MealViewController.swift */ = {isa = PBXFileReference; lastKnownFileType = sourcecode.swift; path = MealViewController.swift; sourceTree = "<group>"; };
		AAE902DC20AD28720065ED31 /* Base */ = {isa = PBXFileReference; lastKnownFileType = file.storyboard; name = Base; path = Base.lproj/Main.storyboard; sourceTree = "<group>"; };
		AAE902DE20AD28720065ED31 /* Assets.xcassets */ = {isa = PBXFileReference; lastKnownFileType = folder.assetcatalog; path = Assets.xcassets; sourceTree = "<group>"; };
		AAE902E120AD28720065ED31 /* Base */ = {isa = PBXFileReference; lastKnownFileType = file.storyboard; name = Base; path = Base.lproj/LaunchScreen.storyboard; sourceTree = "<group>"; };
		AAE902E320AD28720065ED31 /* Info.plist */ = {isa = PBXFileReference; lastKnownFileType = text.plist.xml; path = Info.plist; sourceTree = "<group>"; };
/* End PBXFileReference section */

/* Begin PBXFrameworksBuildPhase section */
		AAE902D120AD28720065ED31 /* Frameworks */ = {
			isa = PBXFrameworksBuildPhase;
			buildActionMask = 2147483647;
			files = (
			);
			runOnlyForDeploymentPostprocessing = 0;
		};
/* End PBXFrameworksBuildPhase section */

/* Begin PBXGroup section */
		AAE902CB20AD28720065ED31 = {
			isa = PBXGroup;
			children = (
				AAE902D620AD28720065ED31 /* FoodTracker */,
				AAE902D520AD28720065ED31 /* Products */,
			);
			sourceTree = "<group>";
		};
		AAE902D520AD28720065ED31 /* Products */ = {
			isa = PBXGroup;
			children = (
				AAE902D420AD28720065ED31 /* FoodTracker.app */,
			);
			name = Products;
			sourceTree = "<group>";
		};
		AAE902D620AD28720065ED31 /* FoodTracker */ = {
			isa = PBXGroup;
			children = (
				AAE902D720AD28720065ED31 /* AppDelegate.swift */,
				AAE902D920AD28720065ED31 /* MealViewController.swift */,
				AAE671DB20B7F2CF0060A9DA /* DataService.swift */,
				AA8F541020AD74ED0047C5DE /* RatingControl.swift */,
				AA5DAB1320AE796C002FA389 /* MealTableViewController.swift */,
				AA5DAB1120AE72C5002FA389 /* MealTableViewCell.swift */,
				AA5DAB1520AE79E7002FA389 /* Meal.swift */,
				AAE902DB20AD28720065ED31 /* Main.storyboard */,
				AAE902DE20AD28720065ED31 /* Assets.xcassets */,
				AAE902E020AD28720065ED31 /* LaunchScreen.storyboard */,
				AAE902E320AD28720065ED31 /* Info.plist */,
			);
			path = FoodTracker;
			sourceTree = "<group>";
		};
/* End PBXGroup section */

/* Begin PBXNativeTarget section */
		AAE902D320AD28720065ED31 /* FoodTracker */ = {
			isa = PBXNativeTarget;
			buildConfigurationList = AAE902E620AD28720065ED31 /* Build configuration list for PBXNativeTarget "FoodTracker" */;
			buildPhases = (
				AAE902D020AD28720065ED31 /* Sources */,
				AAE902D120AD28720065ED31 /* Frameworks */,
				AAE902D220AD28720065ED31 /* Resources */,
			);
			buildRules = (
			);
			dependencies = (
			);
			name = FoodTracker;
			productName = FoodTracker;
			productReference = AAE902D420AD28720065ED31 /* FoodTracker.app */;
			productType = "com.apple.product-type.application";
		};
/* End PBXNativeTarget section */

/* Begin PBXProject section */
		AAE902CC20AD28720065ED31 /* Project object */ = {
			isa = PBXProject;
			attributes = {
				LastSwiftUpdateCheck = 0920;
				LastUpgradeCheck = 0920;
				ORGANIZATIONNAME = "tham gia huy";
				TargetAttributes = {
					AAE902D320AD28720065ED31 = {
						CreatedOnToolsVersion = 9.2;
						ProvisioningStyle = Automatic;
					};
				};
			};
			buildConfigurationList = AAE902CF20AD28720065ED31 /* Build configuration list for PBXProject "FoodTracker" */;
			compatibilityVersion = "Xcode 8.0";
			developmentRegion = en;
			hasScannedForEncodings = 0;
			knownRegions = (
				en,
				Base,
			);
			mainGroup = AAE902CB20AD28720065ED31;
			productRefGroup = AAE902D520AD28720065ED31 /* Products */;
			projectDirPath = "";
			projectRoot = "";
			targets = (
				AAE902D320AD28720065ED31 /* FoodTracker */,
			);
		};
/* End PBXProject section */

/* Begin PBXResourcesBuildPhase section */
		AAE902D220AD28720065ED31 /* Resources */ = {
			isa = PBXResourcesBuildPhase;
			buildActionMask = 2147483647;
			files = (
				AAE902E220AD28720065ED31 /* LaunchScreen.storyboard in Resources */,
				AAE902DF20AD28720065ED31 /* Assets.xcassets in Resources */,
				AAE902DD20AD28720065ED31 /* Main.storyboard in Resources */,
			);
			runOnlyForDeploymentPostprocessing = 0;
		};
/* End PBXResourcesBuildPhase section */

/* Begin PBXSourcesBuildPhase section */
		AAE902D020AD28720065ED31 /* Sources */ = {
			isa = PBXSourcesBuildPhase;
			buildActionMask = 2147483647;
			files = (
				AA5DAB1420AE796C002FA389 /* MealTableViewController.swift in Sources */,
				AAE671DC20B7F2CF0060A9DA /* DataService.swift in Sources */,
				AAE902DA20AD28720065ED31 /* MealViewController.swift in Sources */,
				AA8F541120AD74ED0047C5DE /* RatingControl.swift in Sources */,
				AAE902D820AD28720065ED31 /* AppDelegate.swift in Sources */,
				AA5DAB1620AE79E7002FA389 /* Meal.swift in Sources */,
				AA5DAB1220AE72C5002FA389 /* MealTableViewCell.swift in Sources */,
			);
			runOnlyForDeploymentPostprocessing = 0;
		};
/* End PBXSourcesBuildPhase section */

/* Begin PBXVariantGroup section */
		AAE902DB20AD28720065ED31 /* Main.storyboard */ = {
			isa = PBXVariantGroup;
			children = (
				AAE902DC20AD28720065ED31 /* Base */,
			);
			name = Main.storyboard;
			sourceTree = "<group>";
		};
		AAE902E020AD28720065ED31 /* LaunchScreen.storyboard */ = {
			isa = PBXVariantGroup;
			children = (
				AAE902E120AD28720065ED31 /* Base */,
			);
			name = LaunchScreen.storyboard;
			sourceTree = "<group>";
		};
/* End PBXVariantGroup section */

/* Begin XCBuildConfiguration section */
		AAE902E420AD28720065ED31 /* Debug */ = {
			isa = XCBuildConfiguration;
			buildSettings = {
				ALWAYS_SEARCH_USER_PATHS = NO;
				CLANG_ANALYZER_NONNULL = YES;
				CLANG_ANALYZER_NUMBER_OBJECT_CONVERSION = YES_AGGRESSIVE;
				CLANG_CXX_LANGUAGE_STANDARD = "gnu++14";
				CLANG_CXX_LIBRARY = "libc++";
				CLANG_ENABLE_MODULES = YES;
				CLANG_ENABLE_OBJC_ARC = YES;
				CLANG_WARN_BLOCK_CAPTURE_AUTORELEASING = YES;
				CLANG_WARN_BOOL_CONVERSION = YES;
				CLANG_WARN_COMMA = YES;
				CLANG_WARN_CONSTANT_CONVERSION = YES;
				CLANG_WARN_DIRECT_OBJC_ISA_USAGE = YES_ERROR;
				CLANG_WARN_DOCUMENTATION_COMMENTS = YES;
				CLANG_WARN_EMPTY_BODY = YES;
				CLANG_WARN_ENUM_CONVERSION = YES;
				CLANG_WARN_INFINITE_RECURSION = YES;
				CLANG_WARN_INT_CONVERSION = YES;
				CLANG_WARN_NON_LITERAL_NULL_CONVERSION = YES;
				CLANG_WARN_OBJC_LITERAL_CONVERSION = YES;
				CLANG_WARN_OBJC_ROOT_CLASS = YES_ERROR;
				CLANG_WARN_RANGE_LOOP_ANALYSIS = YES;
				CLANG_WARN_STRICT_PROTOTYPES = YES;
				CLANG_WARN_SUSPICIOUS_MOVE = YES;
				CLANG_WARN_UNGUARDED_AVAILABILITY = YES_AGGRESSIVE;
				CLANG_WARN_UNREACHABLE_CODE = YES;
				CLANG_WARN__DUPLICATE_METHOD_MATCH = YES;
				CODE_SIGN_IDENTITY = "iPhone Developer";
				COPY_PHASE_STRIP = NO;
				DEBUG_INFORMATION_FORMAT = dwarf;
				ENABLE_STRICT_OBJC_MSGSEND = YES;
				ENABLE_TESTABILITY = YES;
				GCC_C_LANGUAGE_STANDARD = gnu11;
				GCC_DYNAMIC_NO_PIC = NO;
				GCC_NO_COMMON_BLOCKS = YES;
				GCC_OPTIMIZATION_LEVEL = 0;
				GCC_PREPROCESSOR_DEFINITIONS = (
					"DEBUG=1",
					"$(inherited)",
				);
				GCC_WARN_64_TO_32_BIT_CONVERSION = YES;
				GCC_WARN_ABOUT_RETURN_TYPE = YES_ERROR;
				GCC_WARN_UNDECLARED_SELECTOR = YES;
				GCC_WARN_UNINITIALIZED_AUTOS = YES_AGGRESSIVE;
				GCC_WARN_UNUSED_FUNCTION = YES;
				GCC_WARN_UNUSED_VARIABLE = YES;
				IPHONEOS_DEPLOYMENT_TARGET = 11.2;
				MTL_ENABLE_DEBUG_INFO = YES;
				ONLY_ACTIVE_ARCH = YES;
				SDKROOT = iphoneos;
				SWIFT_ACTIVE_COMPILATION_CONDITIONS = DEBUG;
				SWIFT_OPTIMIZATION_LEVEL = "-Onone";
			};
			name = Debug;
		};
		AAE902E520AD28720065ED31 /* Release */ = {
			isa = XCBuildConfiguration;
			buildSettings = {
				ALWAYS_SEARCH_USER_PATHS = NO;
				CLANG_ANALYZER_NONNULL = YES;
				CLANG_ANALYZER_NUMBER_OBJECT_CONVERSION = YES_AGGRESSIVE;
				CLANG_CXX_LANGUAGE_STANDARD = "gnu++14";
				CLANG_CXX_LIBRARY = "libc++";
				CLANG_ENABLE_MODULES = YES;
				CLANG_ENABLE_OBJC_ARC = YES;
				CLANG_WARN_BLOCK_CAPTURE_AUTORELEASING = YES;
				CLANG_WARN_BOOL_CONVERSION = YES;
				CLANG_WARN_COMMA = YES;
				CLANG_WARN_CONSTANT_CONVERSION = YES;
				CLANG_WARN_DIRECT_OBJC_ISA_USAGE = YES_ERROR;
				CLANG_WARN_DOCUMENTATION_COMMENTS = YES;
				CLANG_WARN_EMPTY_BODY = YES;
				CLANG_WARN_ENUM_CONVERSION = YES;
				CLANG_WARN_INFINITE_RECURSION = YES;
				CLANG_WARN_INT_CONVERSION = YES;
				CLANG_WARN_NON_LITERAL_NULL_CONVERSION = YES;
				CLANG_WARN_OBJC_LITERAL_CONVERSION = YES;
				CLANG_WARN_OBJC_ROOT_CLASS = YES_ERROR;
				CLANG_WARN_RANGE_LOOP_ANALYSIS = YES;
				CLANG_WARN_STRICT_PROTOTYPES = YES;
				CLANG_WARN_SUSPICIOUS_MOVE = YES;
				CLANG_WARN_UNGUARDED_AVAILABILITY = YES_AGGRESSIVE;
				CLANG_WARN_UNREACHABLE_CODE = YES;
				CLANG_WARN__DUPLICATE_METHOD_MATCH = YES;
				CODE_SIGN_IDENTITY = "iPhone Developer";
				COPY_PHASE_STRIP = NO;
				DEBUG_INFORMATION_FORMAT = "dwarf-with-dsym";
				ENABLE_NS_ASSERTIONS = NO;
				ENABLE_STRICT_OBJC_MSGSEND = YES;
				GCC_C_LANGUAGE_STANDARD = gnu11;
				GCC_NO_COMMON_BLOCKS = YES;
				GCC_WARN_64_TO_32_BIT_CONVERSION = YES;
				GCC_WARN_ABOUT_RETURN_TYPE = YES_ERROR;
				GCC_WARN_UNDECLARED_SELECTOR = YES;
				GCC_WARN_UNINITIALIZED_AUTOS = YES_AGGRESSIVE;
				GCC_WARN_UNUSED_FUNCTION = YES;
				GCC_WARN_UNUSED_VARIABLE = YES;
				IPHONEOS_DEPLOYMENT_TARGET = 11.2;
				MTL_ENABLE_DEBUG_INFO = NO;
				SDKROOT = iphoneos;
				SWIFT_OPTIMIZATION_LEVEL = "-Owholemodule";
				VALIDATE_PRODUCT = YES;
			};
			name = Release;
		};
		AAE902E720AD28720065ED31 /* Debug */ = {
			isa = XCBuildConfiguration;
			buildSettings = {
				ASSETCATALOG_COMPILER_APPICON_NAME = AppIcon;
				CODE_SIGN_STYLE = Automatic;
				INFOPLIST_FILE = FoodTracker/Info.plist;
				LD_RUNPATH_SEARCH_PATHS = "$(inherited) @executable_path/Frameworks";
				PRODUCT_BUNDLE_IDENTIFIER = huy.FoodTracker;
				PRODUCT_NAME = "$(TARGET_NAME)";
				SWIFT_VERSION = 4.0;
				TARGETED_DEVICE_FAMILY = "1,2";
			};
			name = Debug;
		};
		AAE902E820AD28720065ED31 /* Release */ = {
			isa = XCBuildConfiguration;
			buildSettings = {
				ASSETCATALOG_COMPILER_APPICON_NAME = AppIcon;
				CODE_SIGN_STYLE = Automatic;
				INFOPLIST_FILE = FoodTracker/Info.plist;
				LD_RUNPATH_SEARCH_PATHS = "$(inherited) @executable_path/Frameworks";
				PRODUCT_BUNDLE_IDENTIFIER = huy.FoodTracker;
				PRODUCT_NAME = "$(TARGET_NAME)";
				SWIFT_VERSION = 4.0;
				TARGETED_DEVICE_FAMILY = "1,2";
			};
			name = Release;
		};
/* End XCBuildConfiguration section */

/* Begin XCConfigurationList section */
		AAE902CF20AD28720065ED31 /* Build configuration list for PBXProject "FoodTracker" */ = {
			isa = XCConfigurationList;
			buildConfigurations = (
				AAE902E420AD28720065ED31 /* Debug */,
				AAE902E520AD28720065ED31 /* Release */,
			);
			defaultConfigurationIsVisible = 0;
			defaultConfigurationName = Release;
		};
		AAE902E620AD28720065ED31 /* Build configuration list for PBXNativeTarget "FoodTracker" */ = {
			isa = XCConfigurationList;
			buildConfigurations = (
				AAE902E720AD28720065ED31 /* Debug */,
				AAE902E820AD28720065ED31 /* Release */,
			);
			defaultConfigurationIsVisible = 0;
			defaultConfigurationName = Release;
		};
/* End XCConfigurationList section */
	};
	rootObject = AAE902CC20AD28720065ED31 /* Project object */;
}
